
Microsoft Visual Studio Solution File, Format Version 12.00
# Visual Studio 15
VisualStudioVersion = 15.0.27703.2042
MinimumVisualStudioVersion = 10.0.40219.1
Project("{FAE04EC0-301F-11D3-BF4B-00C04F79EFBC}") = "Vidly", "Vidly\Vidly.csproj", "{70EE6AF8-4912-4850-89F1-41CD8A17747E}"
EndProject
Global
	GlobalSection(SolutionConfigurationPlatforms) = preSolution
		Debug|Any CPU = Debug|Any CPU
		Release|Any CPU = Release|Any CPU
	EndGlobalSection
	GlobalSection(ProjectConfigurationPlatforms) = postSolution
		{70EE6AF8-4912-4850-89F1-41CD8A17747E}.Debug|Any CPU.ActiveCfg = Debug|Any CPU
		{70EE6AF8-4912-4850-89F1-41CD8A17747E}.Debug|Any CPU.Build.0 = Debug|Any CPU
		{70EE6AF8-4912-4850-89F1-41CD8A17747E}.Release|Any CPU.ActiveCfg = Release|Any CPU
		{70EE6AF8-4912-4850-89F1-41CD8A17747E}.Release|Any CPU.Build.0 = Release|Any CPU
	EndGlobalSection
	GlobalSection(SolutionProperties) = preSolution
		HideSolutionNode = FALSE
	EndGlobalSection
	GlobalSection(ExtensibilityGlobals) = postSolution
		SolutionGuid = {F34E9CE2-7E5E-4960-AE20-871309745672}
	EndGlobalSection
EndGlobal
